
Microsoft Visual Studio Solution File, Format Version 12.00
# Visual Studio Version 16
VisualStudioVersion = 16.0.31515.178
MinimumVisualStudioVersion = 10.0.40219.1
Project("{FAE04EC0-301F-11D3-BF4B-00C04F79EFBC}") = "Day02_Exc2", "Day02_Exc2\Day02_Exc2.csproj", "{9E9F6259-64A6-4F2D-9042-7108C9EADFF0}"
EndProject
Global
	GlobalSection(SolutionConfigurationPlatforms) = preSolution
		Debug|Any CPU = Debug|Any CPU
		Release|Any CPU = Release|Any CPU
	EndGlobalSection
	GlobalSection(ProjectConfigurationPlatforms) = postSolution
		{9E9F6259-64A6-4F2D-9042-7108C9EADFF0}.Debug|Any CPU.ActiveCfg = Debug|Any CPU
		{9E9F6259-64A6-4F2D-9042-7108C9EADFF0}.Debug|Any CPU.Build.0 = Debug|Any CPU
		{9E9F6259-64A6-4F2D-9042-7108C9EADFF0}.Release|Any CPU.ActiveCfg = Release|Any CPU
		{9E9F6259-64A6-4F2D-9042-7108C9EADFF0}.Release|Any CPU.Build.0 = Release|Any CPU
	EndGlobalSection
	GlobalSection(SolutionProperties) = preSolution
		HideSolutionNode = FALSE
	EndGlobalSection
	GlobalSection(ExtensibilityGlobals) = postSolution
		SolutionGuid = {D6D40815-C3C4-4ECE-BB68-80B5201CC866}
	EndGlobalSection
EndGlobal
